
Microsoft Visual Studio Solution File, Format Version 12.00
# Visual Studio Version 17
VisualStudioVersion = 17.6.33723.286
MinimumVisualStudioVersion = 10.0.40219.1
Project("{8BC9CEB8-8B4A-11D0-8D11-00A0C91BC942}") = "PROJEKT3", "PROJEKT3.vcxproj", "{CF69E6BD-F720-401A-A3EB-F081AF3C5052}"
EndProject
Global
	GlobalSection(SolutionConfigurationPlatforms) = preSolution
		Debug|x64 = Debug|x64
		Debug|x86 = Debug|x86
		Release|x64 = Release|x64
		Release|x86 = Release|x86
	EndGlobalSection
	GlobalSection(ProjectConfigurationPlatforms) = postSolution
		{CF69E6BD-F720-401A-A3EB-F081AF3C5052}.Debug|x64.ActiveCfg = Debug|x64
		{CF69E6BD-F720-401A-A3EB-F081AF3C5052}.Debug|x64.Build.0 = Debug|x64
		{CF69E6BD-F720-401A-A3EB-F081AF3C5052}.Debug|x86.ActiveCfg = Debug|Win32
		{CF69E6BD-F720-401A-A3EB-F081AF3C5052}.Debug|x86.Build.0 = Debug|Win32
		{CF69E6BD-F720-401A-A3EB-F081AF3C5052}.Release|x64.ActiveCfg = Release|x64
		{CF69E6BD-F720-401A-A3EB-F081AF3C5052}.Release|x64.Build.0 = Release|x64
		{CF69E6BD-F720-401A-A3EB-F081AF3C5052}.Release|x86.ActiveCfg = Release|Win32
		{CF69E6BD-F720-401A-A3EB-F081AF3C5052}.Release|x86.Build.0 = Release|Win32
	EndGlobalSection
	GlobalSection(SolutionProperties) = preSolution
		HideSolutionNode = FALSE
	EndGlobalSection
	GlobalSection(ExtensibilityGlobals) = postSolution
		SolutionGuid = {5C7F35C7-AAEB-401C-8F1E-B659411FE3A6}
	EndGlobalSection
EndGlobal
